
Microsoft Visual Studio Solution File, Format Version 12.00
# Visual Studio Version 17
VisualStudioVersion = 17.2.32516.85
MinimumVisualStudioVersion = 10.0.40219.1
Project("{FAE04EC0-301F-11D3-BF4B-00C04F79EFBC}") = "TestProject52", "TestProject52\TestProject52.csproj", "{1FDE0FE1-30DA-4B3B-9D49-E9238DE1C586}"
EndProject
Project("{FAE04EC0-301F-11D3-BF4B-00C04F79EFBC}") = "ConsoleApp1", "ConsoleApp1\ConsoleApp1.csproj", "{76DF2C60-28BF-432E-8DA3-58DA36B53EB1}"
EndProject
Global
	GlobalSection(SolutionConfigurationPlatforms) = preSolution
		Debug|Any CPU = Debug|Any CPU
		Release|Any CPU = Release|Any CPU
	EndGlobalSection
	GlobalSection(ProjectConfigurationPlatforms) = postSolution
		{1FDE0FE1-30DA-4B3B-9D49-E9238DE1C586}.Debug|Any CPU.ActiveCfg = Debug|Any CPU
		{1FDE0FE1-30DA-4B3B-9D49-E9238DE1C586}.Debug|Any CPU.Build.0 = Debug|Any CPU
		{1FDE0FE1-30DA-4B3B-9D49-E9238DE1C586}.Release|Any CPU.ActiveCfg = Release|Any CPU
		{1FDE0FE1-30DA-4B3B-9D49-E9238DE1C586}.Release|Any CPU.Build.0 = Release|Any CPU
		{76DF2C60-28BF-432E-8DA3-58DA36B53EB1}.Debug|Any CPU.ActiveCfg = Debug|Any CPU
		{76DF2C60-28BF-432E-8DA3-58DA36B53EB1}.Debug|Any CPU.Build.0 = Debug|Any CPU
		{76DF2C60-28BF-432E-8DA3-58DA36B53EB1}.Release|Any CPU.ActiveCfg = Release|Any CPU
		{76DF2C60-28BF-432E-8DA3-58DA36B53EB1}.Release|Any CPU.Build.0 = Release|Any CPU
	EndGlobalSection
	GlobalSection(SolutionProperties) = preSolution
		HideSolutionNode = FALSE
	EndGlobalSection
	GlobalSection(ExtensibilityGlobals) = postSolution
		SolutionGuid = {86378824-9076-4204-BBEA-72CB61F99EA5}
	EndGlobalSection
EndGlobal
